
Microsoft Visual Studio Solution File, Format Version 12.00
# Visual Studio Version 16
VisualStudioVersion = 16.0.31005.135
MinimumVisualStudioVersion = 10.0.40219.1
Project("{FAE04EC0-301F-11D3-BF4B-00C04F79EFBC}") = "WindowsFormsApp2", "WindowsFormsApp2\WindowsFormsApp2.csproj", "{0043B668-74EC-443C-852C-979CD0876926}"
EndProject
Global
	GlobalSection(SolutionConfigurationPlatforms) = preSolution
		Debug|Any CPU = Debug|Any CPU
		Release|Any CPU = Release|Any CPU
	EndGlobalSection
	GlobalSection(ProjectConfigurationPlatforms) = postSolution
		{0043B668-74EC-443C-852C-979CD0876926}.Debug|Any CPU.ActiveCfg = Debug|Any CPU
		{0043B668-74EC-443C-852C-979CD0876926}.Debug|Any CPU.Build.0 = Debug|Any CPU
		{0043B668-74EC-443C-852C-979CD0876926}.Release|Any CPU.ActiveCfg = Release|Any CPU
		{0043B668-74EC-443C-852C-979CD0876926}.Release|Any CPU.Build.0 = Release|Any CPU
	EndGlobalSection
	GlobalSection(SolutionProperties) = preSolution
		HideSolutionNode = FALSE
	EndGlobalSection
	GlobalSection(ExtensibilityGlobals) = postSolution
		SolutionGuid = {BB73A1B6-3B64-4B08-B166-37170143CEB0}
	EndGlobalSection
EndGlobal
